
Microsoft Visual Studio Solution File, Format Version 12.00
Project("{FAE04EC0-301F-11D3-BF4B-00C04F79EFBC}") = "ConsoleApp1", "ConsoleApp1\ConsoleApp1.csproj", "{C303A7E5-4A40-42A3-B839-432CD536D674}"
EndProject
Project("{FAE04EC0-301F-11D3-BF4B-00C04F79EFBC}") = "ConsoleApp1.Tests", "ConsoleApp1.Tests\ConsoleApp1.Tests.csproj", "{0C75379A-A5B2-4731-B24B-177EB172F13C}"
EndProject
Project("{2150E333-8FDC-42A3-9474-1A3956D46DE8}") = ".github", ".github", "{57E3F79B-8DC2-406A-9584-7905113C665E}"
EndProject
Project("{2150E333-8FDC-42A3-9474-1A3956D46DE8}") = "workflows", "workflows", "{D0A7F38E-02A3-4019-A3AC-330342C641E4}"
EndProject
Global
	GlobalSection(SolutionConfigurationPlatforms) = preSolution
		Debug|Any CPU = Debug|Any CPU
		Release|Any CPU = Release|Any CPU
	EndGlobalSection
	GlobalSection(ProjectConfigurationPlatforms) = postSolution
		{C303A7E5-4A40-42A3-B839-432CD536D674}.Debug|Any CPU.ActiveCfg = Debug|Any CPU
		{C303A7E5-4A40-42A3-B839-432CD536D674}.Debug|Any CPU.Build.0 = Debug|Any CPU
		{C303A7E5-4A40-42A3-B839-432CD536D674}.Release|Any CPU.ActiveCfg = Release|Any CPU
		{C303A7E5-4A40-42A3-B839-432CD536D674}.Release|Any CPU.Build.0 = Release|Any CPU
		{0C75379A-A5B2-4731-B24B-177EB172F13C}.Debug|Any CPU.ActiveCfg = Debug|Any CPU
		{0C75379A-A5B2-4731-B24B-177EB172F13C}.Debug|Any CPU.Build.0 = Debug|Any CPU
		{0C75379A-A5B2-4731-B24B-177EB172F13C}.Release|Any CPU.ActiveCfg = Release|Any CPU
		{0C75379A-A5B2-4731-B24B-177EB172F13C}.Release|Any CPU.Build.0 = Release|Any CPU
	EndGlobalSection
	GlobalSection(NestedProjects) = preSolution
		{D0A7F38E-02A3-4019-A3AC-330342C641E4} = {57E3F79B-8DC2-406A-9584-7905113C665E}
	EndGlobalSection
EndGlobal
